
Microsoft Visual Studio Solution File, Format Version 12.00
# Visual Studio Version 17
VisualStudioVersion = 17.4.33205.214
MinimumVisualStudioVersion = 10.0.40219.1
Project("{FAE04EC0-301F-11D3-BF4B-00C04F79EFBC}") = "SimpleIntrestCalculate", "SimpleIntrestCalculate.csproj", "{9BE3D5EE-DEB4-4005-A94C-0483DC20046B}"
EndProject
Global
	GlobalSection(SolutionConfigurationPlatforms) = preSolution
		Debug|Any CPU = Debug|Any CPU
		Release|Any CPU = Release|Any CPU
	EndGlobalSection
	GlobalSection(ProjectConfigurationPlatforms) = postSolution
		{9BE3D5EE-DEB4-4005-A94C-0483DC20046B}.Debug|Any CPU.ActiveCfg = Debug|Any CPU
		{9BE3D5EE-DEB4-4005-A94C-0483DC20046B}.Debug|Any CPU.Build.0 = Debug|Any CPU
		{9BE3D5EE-DEB4-4005-A94C-0483DC20046B}.Release|Any CPU.ActiveCfg = Release|Any CPU
		{9BE3D5EE-DEB4-4005-A94C-0483DC20046B}.Release|Any CPU.Build.0 = Release|Any CPU
	EndGlobalSection
	GlobalSection(SolutionProperties) = preSolution
		HideSolutionNode = FALSE
	EndGlobalSection
	GlobalSection(ExtensibilityGlobals) = postSolution
		SolutionGuid = {781720CC-A7B3-418D-8072-3EE5EF39BD7B}
	EndGlobalSection
EndGlobal
