
Microsoft Visual Studio Solution File, Format Version 12.00
# Visual Studio Version 16
VisualStudioVersion = 16.0.32602.291
MinimumVisualStudioVersion = 10.0.40219.1
Project("{FAE04EC0-301F-11D3-BF4B-00C04F79EFBC}") = "MVCFurnitureAppCs", "MVCFurnitureAppCs.csproj", "{51004BCF-D780-4BC3-B4B9-220FB0AEEBAA}"
EndProject
Global
	GlobalSection(SolutionConfigurationPlatforms) = preSolution
		Debug|Any CPU = Debug|Any CPU
		Release|Any CPU = Release|Any CPU
	EndGlobalSection
	GlobalSection(ProjectConfigurationPlatforms) = postSolution
		{51004BCF-D780-4BC3-B4B9-220FB0AEEBAA}.Debug|Any CPU.ActiveCfg = Debug|Any CPU
		{51004BCF-D780-4BC3-B4B9-220FB0AEEBAA}.Debug|Any CPU.Build.0 = Debug|Any CPU
		{51004BCF-D780-4BC3-B4B9-220FB0AEEBAA}.Release|Any CPU.ActiveCfg = Release|Any CPU
		{51004BCF-D780-4BC3-B4B9-220FB0AEEBAA}.Release|Any CPU.Build.0 = Release|Any CPU
	EndGlobalSection
	GlobalSection(SolutionProperties) = preSolution
		HideSolutionNode = FALSE
	EndGlobalSection
	GlobalSection(ExtensibilityGlobals) = postSolution
		SolutionGuid = {BC6B2AB5-E41F-4A09-8D79-2C4F561A5149}
	EndGlobalSection
EndGlobal
